
Microsoft Visual Studio Solution File, Format Version 12.00
# Visual Studio Version 16
VisualStudioVersion = 16.0.32126.315
MinimumVisualStudioVersion = 10.0.40219.1
Project("{888888A0-9F3D-457C-B088-3A5042F75D52}") = "ImgCrop_PY", "ImgCrop_PY.pyproj", "{76D36988-D062-4C2E-AD8B-3F33BC292BCB}"
EndProject
Global
	GlobalSection(SolutionConfigurationPlatforms) = preSolution
		Debug|Any CPU = Debug|Any CPU
		Release|Any CPU = Release|Any CPU
	EndGlobalSection
	GlobalSection(ProjectConfigurationPlatforms) = postSolution
		{76D36988-D062-4C2E-AD8B-3F33BC292BCB}.Debug|Any CPU.ActiveCfg = Debug|Any CPU
		{76D36988-D062-4C2E-AD8B-3F33BC292BCB}.Release|Any CPU.ActiveCfg = Release|Any CPU
	EndGlobalSection
	GlobalSection(SolutionProperties) = preSolution
		HideSolutionNode = FALSE
	EndGlobalSection
	GlobalSection(ExtensibilityGlobals) = postSolution
		SolutionGuid = {4424515A-E69D-42C6-AFAA-B83E08DC4520}
	EndGlobalSection
EndGlobal
