
Microsoft Visual Studio Solution File, Format Version 12.00
# Visual Studio Version 16
VisualStudioVersion = 16.0.32126.315
MinimumVisualStudioVersion = 10.0.40219.1
Project("{FAE04EC0-301F-11D3-BF4B-00C04F79EFBC}") = "SWIdentification", "SWIdentification.csproj", "{B72F8EF4-3413-4093-951A-FA4B108C07E2}"
EndProject
Project("{8BC9CEB8-8B4A-11D0-8D11-00A0C91BC942}") = "SWI_DIP", "..\SWI_DIP\SWI_DIP.vcxproj", "{D4B4102D-DB01-4016-A467-48F0C200225F}"
EndProject
Project("{2150E333-8FDC-42A3-9474-1A3956D46DE8}") = "Solution Items", "Solution Items", "{8388C51D-4E2C-44E7-92E1-BC3ACB19A9EF}"
	ProjectSection(SolutionItems) = preProject
		..\Protocol Introduction.md = ..\Protocol Introduction.md
	EndProjectSection
EndProject
Global
	GlobalSection(SolutionConfigurationPlatforms) = preSolution
		Debug|Any CPU = Debug|Any CPU
		Debug|x64 = Debug|x64
		Debug|x86 = Debug|x86
		Release|Any CPU = Release|Any CPU
		Release|x64 = Release|x64
		Release|x86 = Release|x86
	EndGlobalSection
	GlobalSection(ProjectConfigurationPlatforms) = postSolution
		{B72F8EF4-3413-4093-951A-FA4B108C07E2}.Debug|Any CPU.ActiveCfg = Debug|Any CPU
		{B72F8EF4-3413-4093-951A-FA4B108C07E2}.Debug|Any CPU.Build.0 = Debug|Any CPU
		{B72F8EF4-3413-4093-951A-FA4B108C07E2}.Debug|x64.ActiveCfg = Debug|Any CPU
		{B72F8EF4-3413-4093-951A-FA4B108C07E2}.Debug|x64.Build.0 = Debug|Any CPU
		{B72F8EF4-3413-4093-951A-FA4B108C07E2}.Debug|x86.ActiveCfg = Debug|Any CPU
		{B72F8EF4-3413-4093-951A-FA4B108C07E2}.Debug|x86.Build.0 = Debug|Any CPU
		{B72F8EF4-3413-4093-951A-FA4B108C07E2}.Release|Any CPU.ActiveCfg = Release|Any CPU
		{B72F8EF4-3413-4093-951A-FA4B108C07E2}.Release|Any CPU.Build.0 = Release|Any CPU
		{B72F8EF4-3413-4093-951A-FA4B108C07E2}.Release|x64.ActiveCfg = Release|Any CPU
		{B72F8EF4-3413-4093-951A-FA4B108C07E2}.Release|x64.Build.0 = Release|Any CPU
		{B72F8EF4-3413-4093-951A-FA4B108C07E2}.Release|x86.ActiveCfg = Release|Any CPU
		{B72F8EF4-3413-4093-951A-FA4B108C07E2}.Release|x86.Build.0 = Release|Any CPU
		{D4B4102D-DB01-4016-A467-48F0C200225F}.Debug|Any CPU.ActiveCfg = Debug|Win32
		{D4B4102D-DB01-4016-A467-48F0C200225F}.Debug|x64.ActiveCfg = Debug|x64
		{D4B4102D-DB01-4016-A467-48F0C200225F}.Debug|x64.Build.0 = Debug|x64
		{D4B4102D-DB01-4016-A467-48F0C200225F}.Debug|x86.ActiveCfg = Debug|Win32
		{D4B4102D-DB01-4016-A467-48F0C200225F}.Debug|x86.Build.0 = Debug|Win32
		{D4B4102D-DB01-4016-A467-48F0C200225F}.Release|Any CPU.ActiveCfg = Release|Win32
		{D4B4102D-DB01-4016-A467-48F0C200225F}.Release|x64.ActiveCfg = Release|x64
		{D4B4102D-DB01-4016-A467-48F0C200225F}.Release|x64.Build.0 = Release|x64
		{D4B4102D-DB01-4016-A467-48F0C200225F}.Release|x86.ActiveCfg = Release|Win32
		{D4B4102D-DB01-4016-A467-48F0C200225F}.Release|x86.Build.0 = Release|Win32
	EndGlobalSection
	GlobalSection(SolutionProperties) = preSolution
		HideSolutionNode = FALSE
	EndGlobalSection
	GlobalSection(ExtensibilityGlobals) = postSolution
		SolutionGuid = {F224645A-62DE-4387-99E8-BB6B1B05F46D}
	EndGlobalSection
EndGlobal
